
Microsoft Visual Studio Solution File, Format Version 12.00
# Visual Studio Version 17
VisualStudioVersion = 17.5.002.0
MinimumVisualStudioVersion = 10.0.40219.1
Project("{9A19103F-16F7-4668-BE54-9A1E7A4F7556}") = "DotnetAPI", "DotnetAPI.csproj", "{BD45D4B9-A476-45D2-91DB-85B3806954EA}"
EndProject
Global
	GlobalSection(SolutionConfigurationPlatforms) = preSolution
		Debug|Any CPU = Debug|Any CPU
		Release|Any CPU = Release|Any CPU
	EndGlobalSection
	GlobalSection(ProjectConfigurationPlatforms) = postSolution
		{BD45D4B9-A476-45D2-91DB-85B3806954EA}.Debug|Any CPU.ActiveCfg = Debug|Any CPU
		{BD45D4B9-A476-45D2-91DB-85B3806954EA}.Debug|Any CPU.Build.0 = Debug|Any CPU
		{BD45D4B9-A476-45D2-91DB-85B3806954EA}.Release|Any CPU.ActiveCfg = Release|Any CPU
		{BD45D4B9-A476-45D2-91DB-85B3806954EA}.Release|Any CPU.Build.0 = Release|Any CPU
	EndGlobalSection
	GlobalSection(SolutionProperties) = preSolution
		HideSolutionNode = FALSE
	EndGlobalSection
	GlobalSection(ExtensibilityGlobals) = postSolution
		SolutionGuid = {E6F583AF-A729-4678-8ACF-870267CA96DF}
	EndGlobalSection
EndGlobal
